{
  "name": "opencode-box",
  "version": "1.5.1",
  "lockfileVersion": 3,
  "requires": true,
  "packages": {
    "": {
      "name": "opencode-box",
      "version": "1.5.1",
      "license": "MIT",
      "bin": {
        "opencodebox": "bin/agentbox.js"
      },
      "engines": {
        "node": ">=16.0.0"
      }
    }
  }
}
